
Microsoft Visual Studio Solution File, Format Version 12.00
# Visual Studio Version 16
VisualStudioVersion = 16.0.31424.327
MinimumVisualStudioVersion = 10.0.40219.1
Project("{9A19103F-16F7-4668-BE54-9A1E7A4F7556}") = "SharpEngine2", "SharpEngine2\SharpEngine2.csproj", "{55BD9440-2527-429C-A61E-4EA42034CF98}"
EndProject
Project("{9A19103F-16F7-4668-BE54-9A1E7A4F7556}") = "SE2Test", "SE2Test\SE2Test.csproj", "{B0C1A065-AA1D-4A3E-962D-96CED72371A6}"
EndProject
Global
	GlobalSection(SolutionConfigurationPlatforms) = preSolution
		Debug|Any CPU = Debug|Any CPU
		Debug|x64 = Debug|x64
		Release|Any CPU = Release|Any CPU
		Release|x64 = Release|x64
	EndGlobalSection
	GlobalSection(ProjectConfigurationPlatforms) = postSolution
		{55BD9440-2527-429C-A61E-4EA42034CF98}.Debug|Any CPU.ActiveCfg = Debug|Any CPU
		{55BD9440-2527-429C-A61E-4EA42034CF98}.Debug|Any CPU.Build.0 = Debug|Any CPU
		{55BD9440-2527-429C-A61E-4EA42034CF98}.Debug|x64.ActiveCfg = Debug|Any CPU
		{55BD9440-2527-429C-A61E-4EA42034CF98}.Debug|x64.Build.0 = Debug|Any CPU
		{55BD9440-2527-429C-A61E-4EA42034CF98}.Release|Any CPU.ActiveCfg = Release|Any CPU
		{55BD9440-2527-429C-A61E-4EA42034CF98}.Release|Any CPU.Build.0 = Release|Any CPU
		{55BD9440-2527-429C-A61E-4EA42034CF98}.Release|x64.ActiveCfg = Release|Any CPU
		{55BD9440-2527-429C-A61E-4EA42034CF98}.Release|x64.Build.0 = Release|Any CPU
		{B0C1A065-AA1D-4A3E-962D-96CED72371A6}.Debug|Any CPU.ActiveCfg = Debug|Any CPU
		{B0C1A065-AA1D-4A3E-962D-96CED72371A6}.Debug|Any CPU.Build.0 = Debug|Any CPU
		{B0C1A065-AA1D-4A3E-962D-96CED72371A6}.Debug|x64.ActiveCfg = Debug|x64
		{B0C1A065-AA1D-4A3E-962D-96CED72371A6}.Debug|x64.Build.0 = Debug|x64
		{B0C1A065-AA1D-4A3E-962D-96CED72371A6}.Release|Any CPU.ActiveCfg = Release|Any CPU
		{B0C1A065-AA1D-4A3E-962D-96CED72371A6}.Release|Any CPU.Build.0 = Release|Any CPU
		{B0C1A065-AA1D-4A3E-962D-96CED72371A6}.Release|x64.ActiveCfg = Release|x64
		{B0C1A065-AA1D-4A3E-962D-96CED72371A6}.Release|x64.Build.0 = Release|x64
	EndGlobalSection
	GlobalSection(SolutionProperties) = preSolution
		HideSolutionNode = FALSE
	EndGlobalSection
	GlobalSection(ExtensibilityGlobals) = postSolution
		SolutionGuid = {F738637B-A4CF-4E21-8AD5-D02E14045A38}
	EndGlobalSection
EndGlobal
